<?xml version="1.0" encoding="utf-8"?>
<Project ToolsVersion="4.0" xmlns="http://schemas.microsoft.com/developer/msbuild/2003">
  <ItemGroup>
    <Filter Include="소스 파일">
      <UniqueIdentifier>{4FC737F1-C7A5-4376-A066-2A32D752A2FF}</UniqueIdentifier>
      <Extensions>cpp;c;cc;cxx;def;odl;idl;hpj;bat;asm;asmx</Extensions>
    </Filter>
    <Filter Include="헤더 파일">
      <UniqueIdentifier>{93995380-89BD-4b04-88EB-625FBE52EBFB}</UniqueIdentifier>
      <Extensions>h;hh;hpp;hxx;hm;inl;inc;xsd</Extensions>
    </Filter>
    <Filter Include="리소스 파일">
      <UniqueIdentifier>{67DA6AB6-F800-4c08-8B7A-83BB121AAD01}</UniqueIdentifier>
      <Extensions>rc;ico;cur;bmp;dlg;rc2;rct;bin;rgs;gif;jpg;jpeg;jpe;resx;tiff;tif;png;wav;mfcribbon-ms</Extensions>
    </Filter>
    <Filter Include="Miscel">
      <UniqueIdentifier>{d070c358-d2bd-4bf3-ad0d-d39446428d8c}</UniqueIdentifier>
    </Filter>
    <Filter Include="Miscel\numcpp">
      <UniqueIdentifier>{5f271514-4bf2-4eaf-9dc7-aa761f88fee6}</UniqueIdentifier>
    </Filter>
    <Filter Include="Miscel\objcpp">
      <UniqueIdentifier>{21fe0f5f-e42f-4a59-8924-770dd4ae2e51}</UniqueIdentifier>
    </Filter>
    <Filter Include="ImageProcess">
      <UniqueIdentifier>{3aa335c7-f10e-4d8c-98c8-868d15d9ffb5}</UniqueIdentifier>
    </Filter>
    <Filter Include="ImageProcess\OCTProcess">
      <UniqueIdentifier>{e87e1985-4fd0-4c42-beb0-a5214ea0c8b8}</UniqueIdentifier>
    </Filter>
  </ItemGroup>
  <ItemGroup>
    <Text Include="ReadMe.txt" />
  </ItemGroup>
  <ItemGroup>
    <ClInclude Include="stdafx.h">
      <Filter>헤더 파일</Filter>
    </ClInclude>
    <ClInclude Include="targetver.h">
      <Filter>헤더 파일</Filter>
    </ClInclude>
    <ClInclude Include="Resource.h">
      <Filter>헤더 파일</Filter>
    </ClInclude>
    <ClInclude Include="Miscel\objcpp\signal.h">
      <Filter>Miscel\objcpp</Filter>
    </ClInclude>
    <ClInclude Include="Miscel\objcpp\object.h">
      <Filter>Miscel\objcpp</Filter>
    </ClInclude>
    <ClInclude Include="Miscel\numcpp\array.h">
      <Filter>Miscel\numcpp</Filter>
    </ClInclude>
    <ClInclude Include="Miscel\numcpp\allocator.h">
      <Filter>Miscel\numcpp</Filter>
    </ClInclude>
    <ClInclude Include="ImageProcess\MyBitmap.h">
      <Filter>ImageProcess</Filter>
    </ClInclude>
    <ClInclude Include="Configuration.h">
      <Filter>헤더 파일</Filter>
    </ClInclude>
    <ClInclude Include="ImageProcess\OCTProcess\OCTProcess.h">
      <Filter>ImageProcess\OCTProcess</Filter>
    </ClInclude>
    <ClInclude Include="Miscel\Scope.h">
      <Filter>Miscel</Filter>
    </ClInclude>
    <ClInclude Include="Miscel\objcpp\Queue.h">
      <Filter>Miscel\objcpp</Filter>
    </ClInclude>
    <ClInclude Include="ImageProcess\circularize.h">
      <Filter>ImageProcess</Filter>
    </ClInclude>
    <ClInclude Include="ImageProcess\Imshow.h">
      <Filter>ImageProcess</Filter>
    </ClInclude>
    <ClInclude Include="ImageProcess\medfilt_8u.h">
      <Filter>ImageProcess</Filter>
    </ClInclude>
    <ClInclude Include="OCTViewDlg.h">
      <Filter>헤더 파일</Filter>
    </ClInclude>
    <ClInclude Include="OCTView.h">
      <Filter>헤더 파일</Filter>
    </ClInclude>
  </ItemGroup>
  <ItemGroup>
    <ClCompile Include="stdafx.cpp">
      <Filter>소스 파일</Filter>
    </ClCompile>
    <ClCompile Include="ImageProcess\MyBitmap.cpp">
      <Filter>ImageProcess</Filter>
    </ClCompile>
    <ClCompile Include="ImageProcess\OCTProcess\OCTProcess.cpp">
      <Filter>ImageProcess\OCTProcess</Filter>
    </ClCompile>
    <ClCompile Include="Miscel\Scope.cpp">
      <Filter>Miscel</Filter>
    </ClCompile>
    <ClCompile Include="ImageProcess\Imshow.cpp">
      <Filter>ImageProcess</Filter>
    </ClCompile>
    <ClCompile Include="OCTViewDlg.cpp">
      <Filter>소스 파일</Filter>
    </ClCompile>
    <ClCompile Include="OCTView.cpp">
      <Filter>소스 파일</Filter>
    </ClCompile>
  </ItemGroup>
  <ItemGroup>
    <ResourceCompile Include="OCTView.rc">
      <Filter>리소스 파일</Filter>
    </ResourceCompile>
  </ItemGroup>
  <ItemGroup>
    <None Include="ClassDiagram.cd" />
    <None Include="res\OCTView.rc2">
      <Filter>리소스 파일</Filter>
    </None>
  </ItemGroup>
  <ItemGroup>
    <Image Include="res\OCTView.ico">
      <Filter>리소스 파일</Filter>
    </Image>
  </ItemGroup>
</Project>